
Microsoft Visual Studio Solution File, Format Version 12.00
# Visual Studio Version 17
VisualStudioVersion = 17.4.33205.214
MinimumVisualStudioVersion = 10.0.40219.1
Project("{9A19103F-16F7-4668-BE54-9A1E7A4F7556}") = "TestProject", "TestProject\TestProject.csproj", "{EE56957A-4961-45A1-8F82-41CBEE405822}"
EndProject
Project("{FAE04EC0-301F-11D3-BF4B-00C04F79EFBC}") = "TestProject.Tests", "TestProject.Tests\TestProject.Tests.csproj", "{4986A352-52EF-47D3-8F78-43B1FB0C972B}"
EndProject
Global
	GlobalSection(SolutionConfigurationPlatforms) = preSolution
		Debug|Any CPU = Debug|Any CPU
		Release|Any CPU = Release|Any CPU
	EndGlobalSection
	GlobalSection(ProjectConfigurationPlatforms) = postSolution
		{EE56957A-4961-45A1-8F82-41CBEE405822}.Debug|Any CPU.ActiveCfg = Debug|Any CPU
		{EE56957A-4961-45A1-8F82-41CBEE405822}.Debug|Any CPU.Build.0 = Debug|Any CPU
		{EE56957A-4961-45A1-8F82-41CBEE405822}.Release|Any CPU.ActiveCfg = Release|Any CPU
		{EE56957A-4961-45A1-8F82-41CBEE405822}.Release|Any CPU.Build.0 = Release|Any CPU
		{4986A352-52EF-47D3-8F78-43B1FB0C972B}.Debug|Any CPU.ActiveCfg = Debug|Any CPU
		{4986A352-52EF-47D3-8F78-43B1FB0C972B}.Debug|Any CPU.Build.0 = Debug|Any CPU
		{4986A352-52EF-47D3-8F78-43B1FB0C972B}.Release|Any CPU.ActiveCfg = Release|Any CPU
		{4986A352-52EF-47D3-8F78-43B1FB0C972B}.Release|Any CPU.Build.0 = Release|Any CPU
	EndGlobalSection
	GlobalSection(SolutionProperties) = preSolution
		HideSolutionNode = FALSE
	EndGlobalSection
	GlobalSection(ExtensibilityGlobals) = postSolution
		SolutionGuid = {3BAFBF44-000A-4436-8875-6D31DCC4F8EF}
	EndGlobalSection
EndGlobal
